
Microsoft Visual Studio Solution File, Format Version 12.00
# Visual Studio Version 17
VisualStudioVersion = 17.6.33829.357
MinimumVisualStudioVersion = 10.0.40219.1
Project("{FAE04EC0-301F-11D3-BF4B-00C04F79EFBC}") = "newnbaproject", "newnbaproject.csproj", "{2ACCE1D3-AEA8-46EE-991B-5BFA1421C536}"
EndProject
Global
	GlobalSection(SolutionConfigurationPlatforms) = preSolution
		Debug|Any CPU = Debug|Any CPU
		Release|Any CPU = Release|Any CPU
	EndGlobalSection
	GlobalSection(ProjectConfigurationPlatforms) = postSolution
		{2ACCE1D3-AEA8-46EE-991B-5BFA1421C536}.Debug|Any CPU.ActiveCfg = Debug|Any CPU
		{2ACCE1D3-AEA8-46EE-991B-5BFA1421C536}.Debug|Any CPU.Build.0 = Debug|Any CPU
		{2ACCE1D3-AEA8-46EE-991B-5BFA1421C536}.Release|Any CPU.ActiveCfg = Release|Any CPU
		{2ACCE1D3-AEA8-46EE-991B-5BFA1421C536}.Release|Any CPU.Build.0 = Release|Any CPU
	EndGlobalSection
	GlobalSection(SolutionProperties) = preSolution
		HideSolutionNode = FALSE
	EndGlobalSection
	GlobalSection(ExtensibilityGlobals) = postSolution
		SolutionGuid = {BDFF0106-0BB9-4B5D-9F91-9B581C4DCB08}
	EndGlobalSection
EndGlobal
